github.com/imfing/hextra v0.7.3 h1:dVGA1NTcWe+FaUMdrawEypPfrrmulq5NoK0we3nC330=
github.com/imfing/hextra v0.7.3/go.mod h1:cEfel3lU/bSx7lTE/+uuR4GJaphyOyiwNR3PTqFTXpI=
github.com/joksas/hugo-simplecite v0.0.0-20230818125045-f3126a3fc282 h1:JaX4Tunl+e2tmVEWYD1Gbnn6IAhPGKV7zG2gH2GhI38=
github.com/joksas/hugo-simplecite v0.0.0-20230818125045-f3126a3fc282/go.mod h1:YMtrDxlrAjcludxoj1QQETV5P3SLvxznudsS97DLt18=
